
Microsoft Visual Studio Solution File, Format Version 12.00
# Visual Studio Version 17
VisualStudioVersion = 17.13.35828.75
MinimumVisualStudioVersion = 10.0.40219.1
Project("{FAE04EC0-301F-11D3-BF4B-00C04F79EFBC}") = "Movie-Tracer", "Movie-Tracer.csproj", "{15AF761D-9761-4517-8B9A-36BA3C9D0B0F}"
EndProject
Global
	GlobalSection(SolutionConfigurationPlatforms) = preSolution
		Debug|Any CPU = Debug|Any CPU
		Release|Any CPU = Release|Any CPU
	EndGlobalSection
	GlobalSection(ProjectConfigurationPlatforms) = postSolution
		{15AF761D-9761-4517-8B9A-36BA3C9D0B0F}.Debug|Any CPU.ActiveCfg = Debug|Any CPU
		{15AF761D-9761-4517-8B9A-36BA3C9D0B0F}.Debug|Any CPU.Build.0 = Debug|Any CPU
		{15AF761D-9761-4517-8B9A-36BA3C9D0B0F}.Release|Any CPU.ActiveCfg = Release|Any CPU
		{15AF761D-9761-4517-8B9A-36BA3C9D0B0F}.Release|Any CPU.Build.0 = Release|Any CPU
	EndGlobalSection
	GlobalSection(SolutionProperties) = preSolution
		HideSolutionNode = FALSE
	EndGlobalSection
	GlobalSection(ExtensibilityGlobals) = postSolution
		SolutionGuid = {A50B668C-E805-4A1D-B6C4-47F40F956B65}
	EndGlobalSection
EndGlobal
